// !$*UTF8*$!
{
	archiveVersion = 1;
	classes = {
	};
	objectVersion = 56;
	objects = {

/* Begin PBXBuildFile section */
		CE08C73B2902F98500B06C77 /* AppDelegate.m in Sources */ = {isa = PBXBuildFile; fileRef = CE08C73A2902F98500B06C77 /* AppDelegate.m */; };
		CE08C73E2902F98500B06C77 /* SceneDelegate.m in Sources */ = {isa = PBXBuildFile; fileRef = CE08C73D2902F98500B06C77 /* SceneDelegate.m */; };
		CE08C7412902F98500B06C77 /* ViewController.m in Sources */ = {isa = PBXBuildFile; fileRef = CE08C7402902F98500B06C77 /* ViewController.m */; };
		CE08C7442902F98500B06C77 /* Main.storyboard in Resources */ = {isa = PBXBuildFile; fileRef = CE08C7422902F98500B06C77 /* Main.storyboard */; };
		CE08C7462902F98A00B06C77 /* Assets.xcassets in Resources */ = {isa = PBXBuildFile; fileRef = CE08C7452902F98A00B06C77 /* Assets.xcassets */; };
		CE08C7492902F98A00B06C77 /* LaunchScreen.storyboard in Resources */ = {isa = PBXBuildFile; fileRef = CE08C7472902F98A00B06C77 /* LaunchScreen.storyboard */; };
		CE08C74C2902F98A00B06C77 /* main.m in Sources */ = {isa = PBXBuildFile; fileRef = CE08C74B2902F98A00B06C77 /* main.m */; };
		CE08C7562902F98A00B06C77 /* BusinessAppTests.m in Sources */ = {isa = PBXBuildFile; fileRef = CE08C7552902F98A00B06C77 /* BusinessAppTests.m */; };
		CE08C7602902F98A00B06C77 /* BusinessAppUITests.m in Sources */ = {isa = PBXBuildFile; fileRef = CE08C75F2902F98A00B06C77 /* BusinessAppUITests.m */; };
		CE08C7622902F98A00B06C77 /* BusinessAppUITestsLaunchTests.m in Sources */ = {isa = PBXBuildFile; fileRef = CE08C7612902F98A00B06C77 /* BusinessAppUITestsLaunchTests.m */; };
		CE5EF70A2912AFB100BB6163 /* AboutViewController.m in Sources */ = {isa = PBXBuildFile; fileRef = CE5EF7092912AFB100BB6163 /* AboutViewController.m */; };
		CE5EF7112912C4EF00BB6163 /* PortfolioCollectionViewController.m in Sources */ = {isa = PBXBuildFile; fileRef = CE5EF7102912C4EF00BB6163 /* PortfolioCollectionViewController.m */; };
		CE5EF7142912C54500BB6163 /* PortfolioCollectionViewCell.m in Sources */ = {isa = PBXBuildFile; fileRef = CE5EF7132912C54500BB6163 /* PortfolioCollectionViewCell.m */; };
		CE5EF7182912F0DA00BB6163 /* ContactViewController.m in Sources */ = {isa = PBXBuildFile; fileRef = CE5EF7172912F0DA00BB6163 /* ContactViewController.m */; };
		CE5EF71B2912F20E00BB6163 /* MapKit.framework in Frameworks */ = {isa = PBXBuildFile; fileRef = CE5EF71A2912F20E00BB6163 /* MapKit.framework */; };
		CE5EF71E2912F60900BB6163 /* MapPin.m in Sources */ = {isa = PBXBuildFile; fileRef = CE5EF71D2912F60900BB6163 /* MapPin.m */; };
		CEA0B88B291085510089871B /* ServicesTableViewController.m in Sources */ = {isa = PBXBuildFile; fileRef = CEA0B88A291085510089871B /* ServicesTableViewController.m */; };
		CEA0B88E291085830089871B /* ServicesTableViewCell.m in Sources */ = {isa = PBXBuildFile; fileRef = CEA0B88D291085830089871B /* ServicesTableViewCell.m */; };
		CEA0B891291085C20089871B /* ServicesViewController.m in Sources */ = {isa = PBXBuildFile; fileRef = CEA0B890291085C20089871B /* ServicesViewController.m */; };
		CEA0B8932910879C0089871B /* ServiceList.plist in Resources */ = {isa = PBXBuildFile; fileRef = CEA0B8922910879C0089871B /* ServiceList.plist */; };
		CED6B0B7291AEC4A005AFE14 /* EmailViewController.m in Sources */ = {isa = PBXBuildFile; fileRef = CED6B0B6291AEC4A005AFE14 /* EmailViewController.m */; };
		CED6B0B9291AEEB7005AFE14 /* Accounts.framework in Frameworks */ = {isa = PBXBuildFile; fileRef = CED6B0B8291AEEB7005AFE14 /* Accounts.framework */; };
		CED6B0BB291AEEC2005AFE14 /* MessageUI.framework in Frameworks */ = {isa = PBXBuildFile; fileRef = CED6B0BA291AEEC2005AFE14 /* MessageUI.framework */; };
/* End PBXBuildFile section */

/* Begin PBXContainerItemProxy section */
		CE08C7522902F98A00B06C77 /* PBXContainerItemProxy */ = {
			isa = PBXContainerItemProxy;
			containerPortal = CE08C72E2902F98500B06C77 /* Project object */;
			proxyType = 1;
			remoteGlobalIDString = CE08C7352902F98500B06C77;
			remoteInfo = BusinessApp;
		};
		CE08C75C2902F98A00B06C77 /* PBXContainerItemProxy */ = {
			isa = PBXContainerItemProxy;
			containerPortal = CE08C72E2902F98500B06C77 /* Project object */;
			proxyType = 1;
			remoteGlobalIDString = CE08C7352902F98500B06C77;
			remoteInfo = BusinessApp;
		};
/* End PBXContainerItemProxy section */

/* Begin PBXFileReference section */
		CE08C7362902F98500B06C77 /* BusinessApp.app */ = {isa = PBXFileReference; explicitFileType = wrapper.application; includeInIndex = 0; path = BusinessApp.app; sourceTree = BUILT_PRODUCTS_DIR; };
		CE08C7392902F98500B06C77 /* AppDelegate.h */ = {isa = PBXFileReference; lastKnownFileType = sourcecode.c.h; path = AppDelegate.h; sourceTree = "<group>"; };
		CE08C73A2902F98500B06C77 /* AppDelegate.m */ = {isa = PBXFileReference; lastKnownFileType = sourcecode.c.objc; path = AppDelegate.m; sourceTree = "<group>"; };
		CE08C73C2902F98500B06C77 /* SceneDelegate.h */ = {isa = PBXFileReference; lastKnownFileType = sourcecode.c.h; path = SceneDelegate.h; sourceTree = "<group>"; };
		CE08C73D2902F98500B06C77 /* SceneDelegate.m */ = {isa = PBXFileReference; lastKnownFileType = sourcecode.c.objc; path = SceneDelegate.m; sourceTree = "<group>"; };
		CE08C73F2902F98500B06C77 /* ViewController.h */ = {isa = PBXFileReference; lastKnownFileType = sourcecode.c.h; path = ViewController.h; sourceTree = "<group>"; };
		CE08C7402902F98500B06C77 /* ViewController.m */ = {isa = PBXFileReference; lastKnownFileType = sourcecode.c.objc; path = ViewController.m; sourceTree = "<group>"; };
		CE08C7432902F98500B06C77 /* Base */ = {isa = PBXFileReference; lastKnownFileType = file.storyboard; name = Base; path = Base.lproj/Main.storyboard; sourceTree = "<group>"; };
		CE08C7452902F98A00B06C77 /* Assets.xcassets */ = {isa = PBXFileReference; lastKnownFileType = folder.assetcatalog; path = Assets.xcassets; sourceTree = "<group>"; };
		CE08C7482902F98A00B06C77 /* Base */ = {isa = PBXFileReference; lastKnownFileType = file.storyboard; name = Base; path = Base.lproj/LaunchScreen.storyboard; sourceTree = "<group>"; };
		CE08C74A2902F98A00B06C77 /* Info.plist */ = {isa = PBXFileReference; lastKnownFileType = text.plist.xml; path = Info.plist; sourceTree = "<group>"; };
		CE08C74B2902F98A00B06C77 /* main.m */ = {isa = PBXFileReference; lastKnownFileType = sourcecode.c.objc; path = main.m; sourceTree = "<group>"; };
		CE08C7512902F98A00B06C77 /* BusinessAppTests.xctest */ = {isa = PBXFileReference; explicitFileType = wrapper.cfbundle; includeInIndex = 0; path = BusinessAppTests.xctest; sourceTree = BUILT_PRODUCTS_DIR; };
		CE08C7552902F98A00B06C77 /* BusinessAppTests.m */ = {isa = PBXFileReference; lastKnownFileType = sourcecode.c.objc; path = BusinessAppTests.m; sourceTree = "<group>"; };
		CE08C75B2902F98A00B06C77 /* BusinessAppUITests.xctest */ = {isa = PBXFileReference; explicitFileType = wrapper.cfbundle; includeInIndex = 0; path = BusinessAppUITests.xctest; sourceTree = BUILT_PRODUCTS_DIR; };
		CE08C75F2902F98A00B06C77 /* BusinessAppUITests.m */ = {isa = PBXFileReference; lastKnownFileType = sourcecode.c.objc; path = BusinessAppUITests.m; sourceTree = "<group>"; };
		CE08C7612902F98A00B06C77 /* BusinessAppUITestsLaunchTests.m */ = {isa = PBXFileReference; lastKnownFileType = sourcecode.c.objc; path = BusinessAppUITestsLaunchTests.m; sourceTree = "<group>"; };
		CE5EF7082912AFB100BB6163 /* AboutViewController.h */ = {isa = PBXFileReference; lastKnownFileType = sourcecode.c.h; path = AboutViewController.h; sourceTree = "<group>"; };
		CE5EF7092912AFB100BB6163 /* AboutViewController.m */ = {isa = PBXFileReference; lastKnownFileType = sourcecode.c.objc; path = AboutViewController.m; sourceTree = "<group>"; };
		CE5EF70F2912C4EF00BB6163 /* PortfolioCollectionViewController.h */ = {isa = PBXFileReference; lastKnownFileType = sourcecode.c.h; path = PortfolioCollectionViewController.h; sourceTree = "<group>"; };
		CE5EF7102912C4EF00BB6163 /* PortfolioCollectionViewController.m */ = {isa = PBXFileReference; lastKnownFileType = sourcecode.c.objc; path = PortfolioCollectionViewController.m; sourceTree = "<group>"; };
		CE5EF7122912C54500BB6163 /* PortfolioCollectionViewCell.h */ = {isa = PBXFileReference; lastKnownFileType = sourcecode.c.h; path = PortfolioCollectionViewCell.h; sourceTree = "<group>"; };
		CE5EF7132912C54500BB6163 /* PortfolioCollectionViewCell.m */ = {isa = PBXFileReference; lastKnownFileType = sourcecode.c.objc; path = PortfolioCollectionViewCell.m; sourceTree = "<group>"; };
		CE5EF7162912F0DA00BB6163 /* ContactViewController.h */ = {isa = PBXFileReference; lastKnownFileType = sourcecode.c.h; path = ContactViewController.h; sourceTree = "<group>"; };
		CE5EF7172912F0DA00BB6163 /* ContactViewController.m */ = {isa = PBXFileReference; lastKnownFileType = sourcecode.c.objc; path = ContactViewController.m; sourceTree = "<group>"; };
		CE5EF71A2912F20E00BB6163 /* MapKit.framework */ = {isa = PBXFileReference; lastKnownFileType = wrapper.framework; name = MapKit.framework; path = System/Library/Frameworks/MapKit.framework; sourceTree = SDKROOT; };
		CE5EF71C2912F60900BB6163 /* MapPin.h */ = {isa = PBXFileReference; lastKnownFileType = sourcecode.c.h; path = MapPin.h; sourceTree = "<group>"; };
		CE5EF71D2912F60900BB6163 /* MapPin.m */ = {isa = PBXFileReference; lastKnownFileType = sourcecode.c.objc; path = MapPin.m; sourceTree = "<group>"; };
		CEA0B889291085510089871B /* ServicesTableViewController.h */ = {isa = PBXFileReference; lastKnownFileType = sourcecode.c.h; path = ServicesTableViewController.h; sourceTree = "<group>"; };
		CEA0B88A291085510089871B /* ServicesTableViewController.m */ = {isa = PBXFileReference; lastKnownFileType = sourcecode.c.objc; path = ServicesTableViewController.m; sourceTree = "<group>"; };
		CEA0B88C291085830089871B /* ServicesTableViewCell.h */ = {isa = PBXFileReference; lastKnownFileType = sourcecode.c.h; path = ServicesTableViewCell.h; sourceTree = "<group>"; };
		CEA0B88D291085830089871B /* ServicesTableViewCell.m */ = {isa = PBXFileReference; lastKnownFileType = sourcecode.c.objc; path = ServicesTableViewCell.m; sourceTree = "<group>"; };
		CEA0B88F291085C20089871B /* ServicesViewController.h */ = {isa = PBXFileReference; lastKnownFileType = sourcecode.c.h; path = ServicesViewController.h; sourceTree = "<group>"; };
		CEA0B890291085C20089871B /* ServicesViewController.m */ = {isa = PBXFileReference; lastKnownFileType = sourcecode.c.objc; path = ServicesViewController.m; sourceTree = "<group>"; };
		CEA0B8922910879C0089871B /* ServiceList.plist */ = {isa = PBXFileReference; fileEncoding = 4; lastKnownFileType = text.plist.xml; path = ServiceList.plist; sourceTree = "<group>"; };
		CED6B0B5291AEC4A005AFE14 /* EmailViewController.h */ = {isa = PBXFileReference; lastKnownFileType = sourcecode.c.h; path = EmailViewController.h; sourceTree = "<group>"; };
		CED6B0B6291AEC4A005AFE14 /* EmailViewController.m */ = {isa = PBXFileReference; lastKnownFileType = sourcecode.c.objc; path = EmailViewController.m; sourceTree = "<group>"; };
		CED6B0B8291AEEB7005AFE14 /* Accounts.framework */ = {isa = PBXFileReference; lastKnownFileType = wrapper.framework; name = Accounts.framework; path = System/Library/Frameworks/Accounts.framework; sourceTree = SDKROOT; };
		CED6B0BA291AEEC2005AFE14 /* MessageUI.framework */ = {isa = PBXFileReference; lastKnownFileType = wrapper.framework; name = MessageUI.framework; path = System/Library/Frameworks/MessageUI.framework; sourceTree = SDKROOT; };
/* End PBXFileReference section */

/* Begin PBXFrameworksBuildPhase section */
		CE08C7332902F98500B06C77 /* Frameworks */ = {
			isa = PBXFrameworksBuildPhase;
			buildActionMask = 2147483647;
			files = (
				CED6B0BB291AEEC2005AFE14 /* MessageUI.framework in Frameworks */,
				CED6B0B9291AEEB7005AFE14 /* Accounts.framework in Frameworks */,
				CE5EF71B2912F20E00BB6163 /* MapKit.framework in Frameworks */,
			);
			runOnlyForDeploymentPostprocessing = 0;
		};
		CE08C74E2902F98A00B06C77 /* Frameworks */ = {
			isa = PBXFrameworksBuildPhase;
			buildActionMask = 2147483647;
			files = (
			);
			runOnlyForDeploymentPostprocessing = 0;
		};
		CE08C7582902F98A00B06C77 /* Frameworks */ = {
			isa = PBXFrameworksBuildPhase;
			buildActionMask = 2147483647;
			files = (
			);
			runOnlyForDeploymentPostprocessing = 0;
		};
/* End PBXFrameworksBuildPhase section */

/* Begin PBXGroup section */
		CE08C72D2902F98500B06C77 = {
			isa = PBXGroup;
			children = (
				CE08C7382902F98500B06C77 /* BusinessApp */,
				CE08C7542902F98A00B06C77 /* BusinessAppTests */,
				CE08C75E2902F98A00B06C77 /* BusinessAppUITests */,
				CE08C7372902F98500B06C77 /* Products */,
				CE5EF7192912F20E00BB6163 /* Frameworks */,
			);
			sourceTree = "<group>";
		};
		CE08C7372902F98500B06C77 /* Products */ = {
			isa = PBXGroup;
			children = (
				CE08C7362902F98500B06C77 /* BusinessApp.app */,
				CE08C7512902F98A00B06C77 /* BusinessAppTests.xctest */,
				CE08C75B2902F98A00B06C77 /* BusinessAppUITests.xctest */,
			);
			name = Products;
			sourceTree = "<group>";
		};
		CE08C7382902F98500B06C77 /* BusinessApp */ = {
			isa = PBXGroup;
			children = (
				CE5EF7152912F0B400BB6163 /* ContactUs */,
				CE5EF70B2912C4AB00BB6163 /* Portfolio */,
				CE5EF7072912AF8000BB6163 /* AboutUs */,
				CE08C7392902F98500B06C77 /* AppDelegate.h */,
				CE08C73A2902F98500B06C77 /* AppDelegate.m */,
				CE08C73C2902F98500B06C77 /* SceneDelegate.h */,
				CE08C73D2902F98500B06C77 /* SceneDelegate.m */,
				CE08C73F2902F98500B06C77 /* ViewController.h */,
				CE08C7402902F98500B06C77 /* ViewController.m */,
				CEA0B888291084F20089871B /* Services */,
				CE08C7422902F98500B06C77 /* Main.storyboard */,
				CE08C7452902F98A00B06C77 /* Assets.xcassets */,
				CE08C7472902F98A00B06C77 /* LaunchScreen.storyboard */,
				CE08C74A2902F98A00B06C77 /* Info.plist */,
				CE08C74B2902F98A00B06C77 /* main.m */,
			);
			path = BusinessApp;
			sourceTree = "<group>";
		};
		CE08C7542902F98A00B06C77 /* BusinessAppTests */ = {
			isa = PBXGroup;
			children = (
				CE08C7552902F98A00B06C77 /* BusinessAppTests.m */,
			);
			path = BusinessAppTests;
			sourceTree = "<group>";
		};
		CE08C75E2902F98A00B06C77 /* BusinessAppUITests */ = {
			isa = PBXGroup;
			children = (
				CE08C75F2902F98A00B06C77 /* BusinessAppUITests.m */,
				CE08C7612902F98A00B06C77 /* BusinessAppUITestsLaunchTests.m */,
			);
			path = BusinessAppUITests;
			sourceTree = "<group>";
		};
		CE5EF7072912AF8000BB6163 /* AboutUs */ = {
			isa = PBXGroup;
			children = (
				CE5EF7082912AFB100BB6163 /* AboutViewController.h */,
				CE5EF7092912AFB100BB6163 /* AboutViewController.m */,
			);
			path = AboutUs;
			sourceTree = "<group>";
		};
		CE5EF70B2912C4AB00BB6163 /* Portfolio */ = {
			isa = PBXGroup;
			children = (
				CE5EF70F2912C4EF00BB6163 /* PortfolioCollectionViewController.h */,
				CE5EF7102912C4EF00BB6163 /* PortfolioCollectionViewController.m */,
				CE5EF7122912C54500BB6163 /* PortfolioCollectionViewCell.h */,
				CE5EF7132912C54500BB6163 /* PortfolioCollectionViewCell.m */,
			);
			path = Portfolio;
			sourceTree = "<group>";
		};
		CE5EF7152912F0B400BB6163 /* ContactUs */ = {
			isa = PBXGroup;
			children = (
				CE5EF7162912F0DA00BB6163 /* ContactViewController.h */,
				CE5EF7172912F0DA00BB6163 /* ContactViewController.m */,
				CE5EF71C2912F60900BB6163 /* MapPin.h */,
				CE5EF71D2912F60900BB6163 /* MapPin.m */,
				CED6B0B5291AEC4A005AFE14 /* EmailViewController.h */,
				CED6B0B6291AEC4A005AFE14 /* EmailViewController.m */,
			);
			path = ContactUs;
			sourceTree = "<group>";
		};
		CE5EF7192912F20E00BB6163 /* Frameworks */ = {
			isa = PBXGroup;
			children = (
				CED6B0BA291AEEC2005AFE14 /* MessageUI.framework */,
				CED6B0B8291AEEB7005AFE14 /* Accounts.framework */,
				CE5EF71A2912F20E00BB6163 /* MapKit.framework */,
			);
			name = Frameworks;
			sourceTree = "<group>";
		};
		CEA0B888291084F20089871B /* Services */ = {
			isa = PBXGroup;
			children = (
				CEA0B889291085510089871B /* ServicesTableViewController.h */,
				CEA0B88A291085510089871B /* ServicesTableViewController.m */,
				CEA0B88C291085830089871B /* ServicesTableViewCell.h */,
				CEA0B88D291085830089871B /* ServicesTableViewCell.m */,
				CEA0B88F291085C20089871B /* ServicesViewController.h */,
				CEA0B890291085C20089871B /* ServicesViewController.m */,
				CEA0B8922910879C0089871B /* ServiceList.plist */,
			);
			path = Services;
			sourceTree = "<group>";
		};
/* End PBXGroup section */

/* Begin PBXNativeTarget section */
		CE08C7352902F98500B06C77 /* BusinessApp */ = {
			isa = PBXNativeTarget;
			buildConfigurationList = CE08C7652902F98A00B06C77 /* Build configuration list for PBXNativeTarget "BusinessApp" */;
			buildPhases = (
				CE08C7322902F98500B06C77 /* Sources */,
				CE08C7332902F98500B06C77 /* Frameworks */,
				CE08C7342902F98500B06C77 /* Resources */,
			);
			buildRules = (
			);
			dependencies = (
			);
			name = BusinessApp;
			productName = BusinessApp;
			productReference = CE08C7362902F98500B06C77 /* BusinessApp.app */;
			productType = "com.apple.product-type.application";
		};
		CE08C7502902F98A00B06C77 /* BusinessAppTests */ = {
			isa = PBXNativeTarget;
			buildConfigurationList = CE08C7682902F98A00B06C77 /* Build configuration list for PBXNativeTarget "BusinessAppTests" */;
			buildPhases = (
				CE08C74D2902F98A00B06C77 /* Sources */,
				CE08C74E2902F98A00B06C77 /* Frameworks */,
				CE08C74F2902F98A00B06C77 /* Resources */,
			);
			buildRules = (
			);
			dependencies = (
				CE08C7532902F98A00B06C77 /* PBXTargetDependency */,
			);
			name = BusinessAppTests;
			productName = BusinessAppTests;
			productReference = CE08C7512902F98A00B06C77 /* BusinessAppTests.xctest */;
			productType = "com.apple.product-type.bundle.unit-test";
		};
		CE08C75A2902F98A00B06C77 /* BusinessAppUITests */ = {
			isa = PBXNativeTarget;
			buildConfigurationList = CE08C76B2902F98A00B06C77 /* Build configuration list for PBXNativeTarget "BusinessAppUITests" */;
			buildPhases = (
				CE08C7572902F98A00B06C77 /* Sources */,
				CE08C7582902F98A00B06C77 /* Frameworks */,
				CE08C7592902F98A00B06C77 /* Resources */,
			);
			buildRules = (
			);
			dependencies = (
				CE08C75D2902F98A00B06C77 /* PBXTargetDependency */,
			);
			name = BusinessAppUITests;
			productName = BusinessAppUITests;
			productReference = CE08C75B2902F98A00B06C77 /* BusinessAppUITests.xctest */;
			productType = "com.apple.product-type.bundle.ui-testing";
		};
/* End PBXNativeTarget section */

/* Begin PBXProject section */
		CE08C72E2902F98500B06C77 /* Project object */ = {
			isa = PBXProject;
			attributes = {
				BuildIndependentTargetsInParallel = 1;
				LastUpgradeCheck = 1400;
				TargetAttributes = {
					CE08C7352902F98500B06C77 = {
						CreatedOnToolsVersion = 14.0;
					};
					CE08C7502902F98A00B06C77 = {
						CreatedOnToolsVersion = 14.0;
						TestTargetID = CE08C7352902F98500B06C77;
					};
					CE08C75A2902F98A00B06C77 = {
						CreatedOnToolsVersion = 14.0;
						TestTargetID = CE08C7352902F98500B06C77;
					};
				};
			};
			buildConfigurationList = CE08C7312902F98500B06C77 /* Build configuration list for PBXProject "BusinessApp" */;
			compatibilityVersion = "Xcode 14.0";
			developmentRegion = en;
			hasScannedForEncodings = 0;
			knownRegions = (
				en,
				Base,
			);
			mainGroup = CE08C72D2902F98500B06C77;
			productRefGroup = CE08C7372902F98500B06C77 /* Products */;
			projectDirPath = "";
			projectRoot = "";
			targets = (
				CE08C7352902F98500B06C77 /* BusinessApp */,
				CE08C7502902F98A00B06C77 /* BusinessAppTests */,
				CE08C75A2902F98A00B06C77 /* BusinessAppUITests */,
			);
		};
/* End PBXProject section */

/* Begin PBXResourcesBuildPhase section */
		CE08C7342902F98500B06C77 /* Resources */ = {
			isa = PBXResourcesBuildPhase;
			buildActionMask = 2147483647;
			files = (
				CEA0B8932910879C0089871B /* ServiceList.plist in Resources */,
				CE08C7492902F98A00B06C77 /* LaunchScreen.storyboard in Resources */,
				CE08C7462902F98A00B06C77 /* Assets.xcassets in Resources */,
				CE08C7442902F98500B06C77 /* Main.storyboard in Resources */,
			);
			runOnlyForDeploymentPostprocessing = 0;
		};
		CE08C74F2902F98A00B06C77 /* Resources */ = {
			isa = PBXResourcesBuildPhase;
			buildActionMask = 2147483647;
			files = (
			);
			runOnlyForDeploymentPostprocessing = 0;
		};
		CE08C7592902F98A00B06C77 /* Resources */ = {
			isa = PBXResourcesBuildPhase;
			buildActionMask = 2147483647;
			files = (
			);
			runOnlyForDeploymentPostprocessing = 0;
		};
/* End PBXResourcesBuildPhase section */

/* Begin PBXSourcesBuildPhase section */
		CE08C7322902F98500B06C77 /* Sources */ = {
			isa = PBXSourcesBuildPhase;
			buildActionMask = 2147483647;
			files = (
				CED6B0B7291AEC4A005AFE14 /* EmailViewController.m in Sources */,
				CE5EF71E2912F60900BB6163 /* MapPin.m in Sources */,
				CEA0B891291085C20089871B /* ServicesViewController.m in Sources */,
				CEA0B88B291085510089871B /* ServicesTableViewController.m in Sources */,
				CE5EF70A2912AFB100BB6163 /* AboutViewController.m in Sources */,
				CE5EF7142912C54500BB6163 /* PortfolioCollectionViewCell.m in Sources */,
				CE08C7412902F98500B06C77 /* ViewController.m in Sources */,
				CE08C73B2902F98500B06C77 /* AppDelegate.m in Sources */,
				CE08C74C2902F98A00B06C77 /* main.m in Sources */,
				CE08C73E2902F98500B06C77 /* SceneDelegate.m in Sources */,
				CE5EF7112912C4EF00BB6163 /* PortfolioCollectionViewController.m in Sources */,
				CE5EF7182912F0DA00BB6163 /* ContactViewController.m in Sources */,
				CEA0B88E291085830089871B /* ServicesTableViewCell.m in Sources */,
			);
			runOnlyForDeploymentPostprocessing = 0;
		};
		CE08C74D2902F98A00B06C77 /* Sources */ = {
			isa = PBXSourcesBuildPhase;
			buildActionMask = 2147483647;
			files = (
				CE08C7562902F98A00B06C77 /* BusinessAppTests.m in Sources */,
			);
			runOnlyForDeploymentPostprocessing = 0;
		};
		CE08C7572902F98A00B06C77 /* Sources */ = {
			isa = PBXSourcesBuildPhase;
			buildActionMask = 2147483647;
			files = (
				CE08C7622902F98A00B06C77 /* BusinessAppUITestsLaunchTests.m in Sources */,
				CE08C7602902F98A00B06C77 /* BusinessAppUITests.m in Sources */,
			);
			runOnlyForDeploymentPostprocessing = 0;
		};
/* End PBXSourcesBuildPhase section */

/* Begin PBXTargetDependency section */
		CE08C7532902F98A00B06C77 /* PBXTargetDependency */ = {
			isa = PBXTargetDependency;
			target = CE08C7352902F98500B06C77 /* BusinessApp */;
			targetProxy = CE08C7522902F98A00B06C77 /* PBXContainerItemProxy */;
		};
		CE08C75D2902F98A00B06C77 /* PBXTargetDependency */ = {
			isa = PBXTargetDependency;
			target = CE08C7352902F98500B06C77 /* BusinessApp */;
			targetProxy = CE08C75C2902F98A00B06C77 /* PBXContainerItemProxy */;
		};
/* End PBXTargetDependency section */

/* Begin PBXVariantGroup section */
		CE08C7422902F98500B06C77 /* Main.storyboard */ = {
			isa = PBXVariantGroup;
			children = (
				CE08C7432902F98500B06C77 /* Base */,
			);
			name = Main.storyboard;
			sourceTree = "<group>";
		};
		CE08C7472902F98A00B06C77 /* LaunchScreen.storyboard */ = {
			isa = PBXVariantGroup;
			children = (
				CE08C7482902F98A00B06C77 /* Base */,
			);
			name = LaunchScreen.storyboard;
			sourceTree = "<group>";
		};
/* End PBXVariantGroup section */

/* Begin XCBuildConfiguration section */
		CE08C7632902F98A00B06C77 /* Debug */ = {
			isa = XCBuildConfiguration;
			buildSettings = {
				ALWAYS_SEARCH_USER_PATHS = NO;
				CLANG_ANALYZER_NONNULL = YES;
				CLANG_ANALYZER_NUMBER_OBJECT_CONVERSION = YES_AGGRESSIVE;
				CLANG_CXX_LANGUAGE_STANDARD = "gnu++20";
				CLANG_ENABLE_MODULES = YES;
				CLANG_ENABLE_OBJC_ARC = YES;
				CLANG_ENABLE_OBJC_WEAK = YES;
				CLANG_WARN_BLOCK_CAPTURE_AUTORELEASING = YES;
				CLANG_WARN_BOOL_CONVERSION = YES;
				CLANG_WARN_COMMA = YES;
				CLANG_WARN_CONSTANT_CONVERSION = YES;
				CLANG_WARN_DEPRECATED_OBJC_IMPLEMENTATIONS = YES;
				CLANG_WARN_DIRECT_OBJC_ISA_USAGE = YES_ERROR;
				CLANG_WARN_DOCUMENTATION_COMMENTS = YES;
				CLANG_WARN_EMPTY_BODY = YES;
				CLANG_WARN_ENUM_CONVERSION = YES;
				CLANG_WARN_INFINITE_RECURSION = YES;
				CLANG_WARN_INT_CONVERSION = YES;
				CLANG_WARN_NON_LITERAL_NULL_CONVERSION = YES;
				CLANG_WARN_OBJC_IMPLICIT_RETAIN_SELF = YES;
				CLANG_WARN_OBJC_LITERAL_CONVERSION = YES;
				CLANG_WARN_OBJC_ROOT_CLASS = YES_ERROR;
				CLANG_WARN_QUOTED_INCLUDE_IN_FRAMEWORK_HEADER = YES;
				CLANG_WARN_RANGE_LOOP_ANALYSIS = YES;
				CLANG_WARN_STRICT_PROTOTYPES = YES;
				CLANG_WARN_SUSPICIOUS_MOVE = YES;
				CLANG_WARN_UNGUARDED_AVAILABILITY = YES_AGGRESSIVE;
				CLANG_WARN_UNREACHABLE_CODE = YES;
				CLANG_WARN__DUPLICATE_METHOD_MATCH = YES;
				COPY_PHASE_STRIP = NO;
				DEBUG_INFORMATION_FORMAT = dwarf;
				ENABLE_STRICT_OBJC_MSGSEND = YES;
				ENABLE_TESTABILITY = YES;
				GCC_C_LANGUAGE_STANDARD = gnu11;
				GCC_DYNAMIC_NO_PIC = NO;
				GCC_NO_COMMON_BLOCKS = YES;
				GCC_OPTIMIZATION_LEVEL = 0;
				GCC_PREPROCESSOR_DEFINITIONS = (
					"DEBUG=1",
					"$(inherited)",
				);
				GCC_WARN_64_TO_32_BIT_CONVERSION = YES;
				GCC_WARN_ABOUT_RETURN_TYPE = YES_ERROR;
				GCC_WARN_UNDECLARED_SELECTOR = YES;
				GCC_WARN_UNINITIALIZED_AUTOS = YES_AGGRESSIVE;
				GCC_WARN_UNUSED_FUNCTION = YES;
				GCC_WARN_UNUSED_VARIABLE = YES;
				IPHONEOS_DEPLOYMENT_TARGET = 16.0;
				MTL_ENABLE_DEBUG_INFO = INCLUDE_SOURCE;
				MTL_FAST_MATH = YES;
				ONLY_ACTIVE_ARCH = YES;
				SDKROOT = iphoneos;
			};
			name = Debug;
		};
		CE08C7642902F98A00B06C77 /* Release */ = {
			isa = XCBuildConfiguration;
			buildSettings = {
				ALWAYS_SEARCH_USER_PATHS = NO;
				CLANG_ANALYZER_NONNULL = YES;
				CLANG_ANALYZER_NUMBER_OBJECT_CONVERSION = YES_AGGRESSIVE;
				CLANG_CXX_LANGUAGE_STANDARD = "gnu++20";
				CLANG_ENABLE_MODULES = YES;
				CLANG_ENABLE_OBJC_ARC = YES;
				CLANG_ENABLE_OBJC_WEAK = YES;
				CLANG_WARN_BLOCK_CAPTURE_AUTORELEASING = YES;
				CLANG_WARN_BOOL_CONVERSION = YES;
				CLANG_WARN_COMMA = YES;
				CLANG_WARN_CONSTANT_CONVERSION = YES;
				CLANG_WARN_DEPRECATED_OBJC_IMPLEMENTATIONS = YES;
				CLANG_WARN_DIRECT_OBJC_ISA_USAGE = YES_ERROR;
				CLANG_WARN_DOCUMENTATION_COMMENTS = YES;
				CLANG_WARN_EMPTY_BODY = YES;
				CLANG_WARN_ENUM_CONVERSION = YES;
				CLANG_WARN_INFINITE_RECURSION = YES;
				CLANG_WARN_INT_CONVERSION = YES;
				CLANG_WARN_NON_LITERAL_NULL_CONVERSION = YES;
				CLANG_WARN_OBJC_IMPLICIT_RETAIN_SELF = YES;
				CLANG_WARN_OBJC_LITERAL_CONVERSION = YES;
				CLANG_WARN_OBJC_ROOT_CLASS = YES_ERROR;
				CLANG_WARN_QUOTED_INCLUDE_IN_FRAMEWORK_HEADER = YES;
				CLANG_WARN_RANGE_LOOP_ANALYSIS = YES;
				CLANG_WARN_STRICT_PROTOTYPES = YES;
				CLANG_WARN_SUSPICIOUS_MOVE = YES;
				CLANG_WARN_UNGUARDED_AVAILABILITY = YES_AGGRESSIVE;
				CLANG_WARN_UNREACHABLE_CODE = YES;
				CLANG_WARN__DUPLICATE_METHOD_MATCH = YES;
				COPY_PHASE_STRIP = NO;
				DEBUG_INFORMATION_FORMAT = "dwarf-with-dsym";
				ENABLE_NS_ASSERTIONS = NO;
				ENABLE_STRICT_OBJC_MSGSEND = YES;
				GCC_C_LANGUAGE_STANDARD = gnu11;
				GCC_NO_COMMON_BLOCKS = YES;
				GCC_WARN_64_TO_32_BIT_CONVERSION = YES;
				GCC_WARN_ABOUT_RETURN_TYPE = YES_ERROR;
				GCC_WARN_UNDECLARED_SELECTOR = YES;
				GCC_WARN_UNINITIALIZED_AUTOS = YES_AGGRESSIVE;
				GCC_WARN_UNUSED_FUNCTION = YES;
				GCC_WARN_UNUSED_VARIABLE = YES;
				IPHONEOS_DEPLOYMENT_TARGET = 16.0;
				MTL_ENABLE_DEBUG_INFO = NO;
				MTL_FAST_MATH = YES;
				SDKROOT = iphoneos;
				VALIDATE_PRODUCT = YES;
			};
			name = Release;
		};
		CE08C7662902F98A00B06C77 /* Debug */ = {
			isa = XCBuildConfiguration;
			buildSettings = {
				ASSETCATALOG_COMPILER_APPICON_NAME = AppIcon;
				ASSETCATALOG_COMPILER_GLOBAL_ACCENT_COLOR_NAME = AccentColor;
				CODE_SIGN_STYLE = Automatic;
				CURRENT_PROJECT_VERSION = 1;
				DEVELOPMENT_TEAM = 2U56DP6BMP;
				GENERATE_INFOPLIST_FILE = YES;
				INFOPLIST_FILE = BusinessApp/Info.plist;
				INFOPLIST_KEY_UIApplicationSupportsIndirectInputEvents = YES;
				INFOPLIST_KEY_UILaunchStoryboardName = LaunchScreen;
				INFOPLIST_KEY_UIMainStoryboardFile = Main;
				INFOPLIST_KEY_UIStatusBarStyle = UIStatusBarStyleLightContent;
				INFOPLIST_KEY_UISupportedInterfaceOrientations_iPad = "UIInterfaceOrientationPortrait UIInterfaceOrientationPortraitUpsideDown UIInterfaceOrientationLandscapeLeft UIInterfaceOrientationLandscapeRight";
				INFOPLIST_KEY_UISupportedInterfaceOrientations_iPhone = "UIInterfaceOrientationPortrait UIInterfaceOrientationLandscapeLeft UIInterfaceOrientationLandscapeRight";
				LD_RUNPATH_SEARCH_PATHS = (
					"$(inherited)",
					"@executable_path/Frameworks",
				);
				MARKETING_VERSION = 1.0;
				PRODUCT_BUNDLE_IDENTIFIER = com.andrealmeida.BusinessApp;
				PRODUCT_NAME = "$(TARGET_NAME)";
				SWIFT_EMIT_LOC_STRINGS = YES;
				TARGETED_DEVICE_FAMILY = "1,2";
			};
			name = Debug;
		};
		CE08C7672902F98A00B06C77 /* Release */ = {
			isa = XCBuildConfiguration;
			buildSettings = {
				ASSETCATALOG_COMPILER_APPICON_NAME = AppIcon;
				ASSETCATALOG_COMPILER_GLOBAL_ACCENT_COLOR_NAME = AccentColor;
				CODE_SIGN_STYLE = Automatic;
				CURRENT_PROJECT_VERSION = 1;
				DEVELOPMENT_TEAM = 2U56DP6BMP;
				GENERATE_INFOPLIST_FILE = YES;
				INFOPLIST_FILE = BusinessApp/Info.plist;
				INFOPLIST_KEY_UIApplicationSupportsIndirectInputEvents = YES;
				INFOPLIST_KEY_UILaunchStoryboardName = LaunchScreen;
				INFOPLIST_KEY_UIMainStoryboardFile = Main;
				INFOPLIST_KEY_UIStatusBarStyle = UIStatusBarStyleLightContent;
				INFOPLIST_KEY_UISupportedInterfaceOrientations_iPad = "UIInterfaceOrientationPortrait UIInterfaceOrientationPortraitUpsideDown UIInterfaceOrientationLandscapeLeft UIInterfaceOrientationLandscapeRight";
				INFOPLIST_KEY_UISupportedInterfaceOrientations_iPhone = "UIInterfaceOrientationPortrait UIInterfaceOrientationLandscapeLeft UIInterfaceOrientationLandscapeRight";
				LD_RUNPATH_SEARCH_PATHS = (
					"$(inherited)",
					"@executable_path/Frameworks",
				);
				MARKETING_VERSION = 1.0;
				PRODUCT_BUNDLE_IDENTIFIER = com.andrealmeida.BusinessApp;
				PRODUCT_NAME = "$(TARGET_NAME)";
				SWIFT_EMIT_LOC_STRINGS = YES;
				TARGETED_DEVICE_FAMILY = "1,2";
			};
			name = Release;
		};
		CE08C7692902F98A00B06C77 /* Debug */ = {
			isa = XCBuildConfiguration;
			buildSettings = {
				BUNDLE_LOADER = "$(TEST_HOST)";
				CODE_SIGN_STYLE = Automatic;
				CURRENT_PROJECT_VERSION = 1;
				DEVELOPMENT_TEAM = 2U56DP6BMP;
				GENERATE_INFOPLIST_FILE = YES;
				IPHONEOS_DEPLOYMENT_TARGET = 16.0;
				MARKETING_VERSION = 1.0;
				PRODUCT_BUNDLE_IDENTIFIER = com.andrealmeida.BusinessAppTests;
				PRODUCT_NAME = "$(TARGET_NAME)";
				SWIFT_EMIT_LOC_STRINGS = NO;
				TARGETED_DEVICE_FAMILY = "1,2";
				TEST_HOST = "$(BUILT_PRODUCTS_DIR)/BusinessApp.app/$(BUNDLE_EXECUTABLE_FOLDER_PATH)/BusinessApp";
			};
			name = Debug;
		};
		CE08C76A2902F98A00B06C77 /* Release */ = {
			isa = XCBuildConfiguration;
			buildSettings = {
				BUNDLE_LOADER = "$(TEST_HOST)";
				CODE_SIGN_STYLE = Automatic;
				CURRENT_PROJECT_VERSION = 1;
				DEVELOPMENT_TEAM = 2U56DP6BMP;
				GENERATE_INFOPLIST_FILE = YES;
				IPHONEOS_DEPLOYMENT_TARGET = 16.0;
				MARKETING_VERSION = 1.0;
				PRODUCT_BUNDLE_IDENTIFIER = com.andrealmeida.BusinessAppTests;
				PRODUCT_NAME = "$(TARGET_NAME)";
				SWIFT_EMIT_LOC_STRINGS = NO;
				TARGETED_DEVICE_FAMILY = "1,2";
				TEST_HOST = "$(BUILT_PRODUCTS_DIR)/BusinessApp.app/$(BUNDLE_EXECUTABLE_FOLDER_PATH)/BusinessApp";
			};
			name = Release;
		};
		CE08C76C2902F98A00B06C77 /* Debug */ = {
			isa = XCBuildConfiguration;
			buildSettings = {
				CODE_SIGN_STYLE = Automatic;
				CURRENT_PROJECT_VERSION = 1;
				DEVELOPMENT_TEAM = 2U56DP6BMP;
				GENERATE_INFOPLIST_FILE = YES;
				MARKETING_VERSION = 1.0;
				PRODUCT_BUNDLE_IDENTIFIER = com.andrealmeida.BusinessAppUITests;
				PRODUCT_NAME = "$(TARGET_NAME)";
				SWIFT_EMIT_LOC_STRINGS = NO;
				TARGETED_DEVICE_FAMILY = "1,2";
				TEST_TARGET_NAME = BusinessApp;
			};
			name = Debug;
		};
		CE08C76D2902F98A00B06C77 /* Release */ = {
			isa = XCBuildConfiguration;
			buildSettings = {
				CODE_SIGN_STYLE = Automatic;
				CURRENT_PROJECT_VERSION = 1;
				DEVELOPMENT_TEAM = 2U56DP6BMP;
				GENERATE_INFOPLIST_FILE = YES;
				MARKETING_VERSION = 1.0;
				PRODUCT_BUNDLE_IDENTIFIER = com.andrealmeida.BusinessAppUITests;
				PRODUCT_NAME = "$(TARGET_NAME)";
				SWIFT_EMIT_LOC_STRINGS = NO;
				TARGETED_DEVICE_FAMILY = "1,2";
				TEST_TARGET_NAME = BusinessApp;
			};
			name = Release;
		};
/* End XCBuildConfiguration section */

/* Begin XCConfigurationList section */
		CE08C7312902F98500B06C77 /* Build configuration list for PBXProject "BusinessApp" */ = {
			isa = XCConfigurationList;
			buildConfigurations = (
				CE08C7632902F98A00B06C77 /* Debug */,
				CE08C7642902F98A00B06C77 /* Release */,
			);
			defaultConfigurationIsVisible = 0;
			defaultConfigurationName = Release;
		};
		CE08C7652902F98A00B06C77 /* Build configuration list for PBXNativeTarget "BusinessApp" */ = {
			isa = XCConfigurationList;
			buildConfigurations = (
				CE08C7662902F98A00B06C77 /* Debug */,
				CE08C7672902F98A00B06C77 /* Release */,
			);
			defaultConfigurationIsVisible = 0;
			defaultConfigurationName = Release;
		};
		CE08C7682902F98A00B06C77 /* Build configuration list for PBXNativeTarget "BusinessAppTests" */ = {
			isa = XCConfigurationList;
			buildConfigurations = (
				CE08C7692902F98A00B06C77 /* Debug */,
				CE08C76A2902F98A00B06C77 /* Release */,
			);
			defaultConfigurationIsVisible = 0;
			defaultConfigurationName = Release;
		};
		CE08C76B2902F98A00B06C77 /* Build configuration list for PBXNativeTarget "BusinessAppUITests" */ = {
			isa = XCConfigurationList;
			buildConfigurations = (
				CE08C76C2902F98A00B06C77 /* Debug */,
				CE08C76D2902F98A00B06C77 /* Release */,
			);
			defaultConfigurationIsVisible = 0;
			defaultConfigurationName = Release;
		};
/* End XCConfigurationList section */
	};
	rootObject = CE08C72E2902F98500B06C77 /* Project object */;
}
